// !$*UTF8*$!
{
	archiveVersion = 1;
	classes = {
	};
	objectVersion = 77;
	objects = {

/* Begin PBXContainerItemProxy section */
		533CD15A2E24BCFB0092CA95 /* PBXContainerItemProxy */ = {
			isa = PBXContainerItemProxy;
			containerPortal = 533CD13B2E24BCF70092CA95 /* Project object */;
			proxyType = 1;
			remoteGlobalIDString = 533CD1422E24BCF70092CA95;
			remoteInfo = bmicalculator2;
		};
		533CD1642E24BCFB0092CA95 /* PBXContainerItemProxy */ = {
			isa = PBXContainerItemProxy;
			containerPortal = 533CD13B2E24BCF70092CA95 /* Project object */;
			proxyType = 1;
			remoteGlobalIDString = 533CD1422E24BCF70092CA95;
			remoteInfo = bmicalculator2;
		};
/* End PBXContainerItemProxy section */

/* Begin PBXFileReference section */
		533CD1432E24BCF70092CA95 /* bmicalculator2.app */ = {isa = PBXFileReference; explicitFileType = wrapper.application; includeInIndex = 0; path = bmicalculator2.app; sourceTree = BUILT_PRODUCTS_DIR; };
		533CD1592E24BCFB0092CA95 /* bmicalculator2Tests.xctest */ = {isa = PBXFileReference; explicitFileType = wrapper.cfbundle; includeInIndex = 0; path = bmicalculator2Tests.xctest; sourceTree = BUILT_PRODUCTS_DIR; };
		533CD1632E24BCFB0092CA95 /* bmicalculator2UITests.xctest */ = {isa = PBXFileReference; explicitFileType = wrapper.cfbundle; includeInIndex = 0; path = bmicalculator2UITests.xctest; sourceTree = BUILT_PRODUCTS_DIR; };
/* End PBXFileReference section */

/* Begin PBXFileSystemSynchronizedBuildFileExceptionSet section */
		533CD16B2E24BCFB0092CA95 /* Exceptions for "bmicalculator2" folder in "bmicalculator2" target */ = {
			isa = PBXFileSystemSynchronizedBuildFileExceptionSet;
			membershipExceptions = (
				Info.plist,
			);
			target = 533CD1422E24BCF70092CA95 /* bmicalculator2 */;
		};
/* End PBXFileSystemSynchronizedBuildFileExceptionSet section */

/* Begin PBXFileSystemSynchronizedRootGroup section */
		533CD1452E24BCF70092CA95 /* bmicalculator2 */ = {
			isa = PBXFileSystemSynchronizedRootGroup;
			exceptions = (
				533CD16B2E24BCFB0092CA95 /* Exceptions for "bmicalculator2" folder in "bmicalculator2" target */,
			);
			path = bmicalculator2;
			sourceTree = "<group>";
		};
		533CD15C2E24BCFB0092CA95 /* bmicalculator2Tests */ = {
			isa = PBXFileSystemSynchronizedRootGroup;
			path = bmicalculator2Tests;
			sourceTree = "<group>";
		};
		533CD1662E24BCFB0092CA95 /* bmicalculator2UITests */ = {
			isa = PBXFileSystemSynchronizedRootGroup;
			path = bmicalculator2UITests;
			sourceTree = "<group>";
		};
/* End PBXFileSystemSynchronizedRootGroup section */

/* Begin PBXFrameworksBuildPhase section */
		533CD1402E24BCF70092CA95 /* Frameworks */ = {
			isa = PBXFrameworksBuildPhase;
			buildActionMask = 2147483647;
			files = (
			);
			runOnlyForDeploymentPostprocessing = 0;
		};
		533CD1562E24BCFB0092CA95 /* Frameworks */ = {
			isa = PBXFrameworksBuildPhase;
			buildActionMask = 2147483647;
			files = (
			);
			runOnlyForDeploymentPostprocessing = 0;
		};
		533CD1602E24BCFB0092CA95 /* Frameworks */ = {
			isa = PBXFrameworksBuildPhase;
			buildActionMask = 2147483647;
			files = (
			);
			runOnlyForDeploymentPostprocessing = 0;
		};
/* End PBXFrameworksBuildPhase section */

/* Begin PBXGroup section */
		533CD13A2E24BCF70092CA95 = {
			isa = PBXGroup;
			children = (
				533CD1452E24BCF70092CA95 /* bmicalculator2 */,
				533CD15C2E24BCFB0092CA95 /* bmicalculator2Tests */,
				533CD1662E24BCFB0092CA95 /* bmicalculator2UITests */,
				533CD1442E24BCF70092CA95 /* Products */,
			);
			sourceTree = "<group>";
		};
		533CD1442E24BCF70092CA95 /* Products */ = {
			isa = PBXGroup;
			children = (
				533CD1432E24BCF70092CA95 /* bmicalculator2.app */,
				533CD1592E24BCFB0092CA95 /* bmicalculator2Tests.xctest */,
				533CD1632E24BCFB0092CA95 /* bmicalculator2UITests.xctest */,
			);
			name = Products;
			sourceTree = "<group>";
		};
/* End PBXGroup section */

/* Begin PBXNativeTarget section */
		533CD1422E24BCF70092CA95 /* bmicalculator2 */ = {
			isa = PBXNativeTarget;
			buildConfigurationList = 533CD16C2E24BCFB0092CA95 /* Build configuration list for PBXNativeTarget "bmicalculator2" */;
			buildPhases = (
				533CD13F2E24BCF70092CA95 /* Sources */,
				533CD1402E24BCF70092CA95 /* Frameworks */,
				533CD1412E24BCF70092CA95 /* Resources */,
			);
			buildRules = (
			);
			dependencies = (
			);
			fileSystemSynchronizedGroups = (
				533CD1452E24BCF70092CA95 /* bmicalculator2 */,
			);
			name = bmicalculator2;
			packageProductDependencies = (
			);
			productName = bmicalculator2;
			productReference = 533CD1432E24BCF70092CA95 /* bmicalculator2.app */;
			productType = "com.apple.product-type.application";
		};
		533CD1582E24BCFB0092CA95 /* bmicalculator2Tests */ = {
			isa = PBXNativeTarget;
			buildConfigurationList = 533CD1712E24BCFB0092CA95 /* Build configuration list for PBXNativeTarget "bmicalculator2Tests" */;
			buildPhases = (
				533CD1552E24BCFB0092CA95 /* Sources */,
				533CD1562E24BCFB0092CA95 /* Frameworks */,
				533CD1572E24BCFB0092CA95 /* Resources */,
			);
			buildRules = (
			);
			dependencies = (
				533CD15B2E24BCFB0092CA95 /* PBXTargetDependency */,
			);
			fileSystemSynchronizedGroups = (
				533CD15C2E24BCFB0092CA95 /* bmicalculator2Tests */,
			);
			name = bmicalculator2Tests;
			packageProductDependencies = (
			);
			productName = bmicalculator2Tests;
			productReference = 533CD1592E24BCFB0092CA95 /* bmicalculator2Tests.xctest */;
			productType = "com.apple.product-type.bundle.unit-test";
		};
		533CD1622E24BCFB0092CA95 /* bmicalculator2UITests */ = {
			isa = PBXNativeTarget;
			buildConfigurationList = 533CD1742E24BCFB0092CA95 /* Build configuration list for PBXNativeTarget "bmicalculator2UITests" */;
			buildPhases = (
				533CD15F2E24BCFB0092CA95 /* Sources */,
				533CD1602E24BCFB0092CA95 /* Frameworks */,
				533CD1612E24BCFB0092CA95 /* Resources */,
			);
			buildRules = (
			);
			dependencies = (
				533CD1652E24BCFB0092CA95 /* PBXTargetDependency */,
			);
			fileSystemSynchronizedGroups = (
				533CD1662E24BCFB0092CA95 /* bmicalculator2UITests */,
			);
			name = bmicalculator2UITests;
			packageProductDependencies = (
			);
			productName = bmicalculator2UITests;
			productReference = 533CD1632E24BCFB0092CA95 /* bmicalculator2UITests.xctest */;
			productType = "com.apple.product-type.bundle.ui-testing";
		};
/* End PBXNativeTarget section */

/* Begin PBXProject section */
		533CD13B2E24BCF70092CA95 /* Project object */ = {
			isa = PBXProject;
			attributes = {
				BuildIndependentTargetsInParallel = 1;
				LastSwiftUpdateCheck = 1640;
				LastUpgradeCheck = 1640;
				TargetAttributes = {
					533CD1422E24BCF70092CA95 = {
						CreatedOnToolsVersion = 16.4;
					};
					533CD1582E24BCFB0092CA95 = {
						CreatedOnToolsVersion = 16.4;
						TestTargetID = 533CD1422E24BCF70092CA95;
					};
					533CD1622E24BCFB0092CA95 = {
						CreatedOnToolsVersion = 16.4;
						TestTargetID = 533CD1422E24BCF70092CA95;
					};
				};
			};
			buildConfigurationList = 533CD13E2E24BCF70092CA95 /* Build configuration list for PBXProject "bmicalculator2" */;
			developmentRegion = en;
			hasScannedForEncodings = 0;
			knownRegions = (
				en,
				Base,
			);
			mainGroup = 533CD13A2E24BCF70092CA95;
			minimizedProjectReferenceProxies = 1;
			preferredProjectObjectVersion = 77;
			productRefGroup = 533CD1442E24BCF70092CA95 /* Products */;
			projectDirPath = "";
			projectRoot = "";
			targets = (
				533CD1422E24BCF70092CA95 /* bmicalculator2 */,
				533CD1582E24BCFB0092CA95 /* bmicalculator2Tests */,
				533CD1622E24BCFB0092CA95 /* bmicalculator2UITests */,
			);
		};
/* End PBXProject section */

/* Begin PBXResourcesBuildPhase section */
		533CD1412E24BCF70092CA95 /* Resources */ = {
			isa = PBXResourcesBuildPhase;
			buildActionMask = 2147483647;
			files = (
			);
			runOnlyForDeploymentPostprocessing = 0;
		};
		533CD1572E24BCFB0092CA95 /* Resources */ = {
			isa = PBXResourcesBuildPhase;
			buildActionMask = 2147483647;
			files = (
			);
			runOnlyForDeploymentPostprocessing = 0;
		};
		533CD1612E24BCFB0092CA95 /* Resources */ = {
			isa = PBXResourcesBuildPhase;
			buildActionMask = 2147483647;
			files = (
			);
			runOnlyForDeploymentPostprocessing = 0;
		};
/* End PBXResourcesBuildPhase section */

/* Begin PBXSourcesBuildPhase section */
		533CD13F2E24BCF70092CA95 /* Sources */ = {
			isa = PBXSourcesBuildPhase;
			buildActionMask = 2147483647;
			files = (
			);
			runOnlyForDeploymentPostprocessing = 0;
		};
		533CD1552E24BCFB0092CA95 /* Sources */ = {
			isa = PBXSourcesBuildPhase;
			buildActionMask = 2147483647;
			files = (
			);
			runOnlyForDeploymentPostprocessing = 0;
		};
		533CD15F2E24BCFB0092CA95 /* Sources */ = {
			isa = PBXSourcesBuildPhase;
			buildActionMask = 2147483647;
			files = (
			);
			runOnlyForDeploymentPostprocessing = 0;
		};
/* End PBXSourcesBuildPhase section */

/* Begin PBXTargetDependency section */
		533CD15B2E24BCFB0092CA95 /* PBXTargetDependency */ = {
			isa = PBXTargetDependency;
			target = 533CD1422E24BCF70092CA95 /* bmicalculator2 */;
			targetProxy = 533CD15A2E24BCFB0092CA95 /* PBXContainerItemProxy */;
		};
		533CD1652E24BCFB0092CA95 /* PBXTargetDependency */ = {
			isa = PBXTargetDependency;
			target = 533CD1422E24BCF70092CA95 /* bmicalculator2 */;
			targetProxy = 533CD1642E24BCFB0092CA95 /* PBXContainerItemProxy */;
		};
/* End PBXTargetDependency section */

/* Begin XCBuildConfiguration section */
		533CD16D2E24BCFB0092CA95 /* Debug */ = {
			isa = XCBuildConfiguration;
			buildSettings = {
				ASSETCATALOG_COMPILER_APPICON_NAME = AppIcon;
				ASSETCATALOG_COMPILER_GLOBAL_ACCENT_COLOR_NAME = AccentColor;
				CODE_SIGN_STYLE = Automatic;
				CURRENT_PROJECT_VERSION = 1;
				DEVELOPMENT_TEAM = J9A52ZJ95V;
				GENERATE_INFOPLIST_FILE = YES;
				INFOPLIST_FILE = bmicalculator2/Info.plist;
				INFOPLIST_KEY_UIApplicationSupportsIndirectInputEvents = YES;
				INFOPLIST_KEY_UILaunchStoryboardName = LaunchScreen;
				INFOPLIST_KEY_UIMainStoryboardFile = Main;
				INFOPLIST_KEY_UISupportedInterfaceOrientations_iPad = "UIInterfaceOrientationPortrait UIInterfaceOrientationPortraitUpsideDown UIInterfaceOrientationLandscapeLeft UIInterfaceOrientationLandscapeRight";
				INFOPLIST_KEY_UISupportedInterfaceOrientations_iPhone = "UIInterfaceOrientationPortrait UIInterfaceOrientationLandscapeLeft UIInterfaceOrientationLandscapeRight";
				LD_RUNPATH_SEARCH_PATHS = (
					"$(inherited)",
					"@executable_path/Frameworks",
				);
				MARKETING_VERSION = 1.0;
				PRODUCT_BUNDLE_IDENTIFIER = com.aa.bmicalculator2;
				PRODUCT_NAME = "$(TARGET_NAME)";
				SWIFT_EMIT_LOC_STRINGS = YES;
				SWIFT_VERSION = 5.0;
				TARGETED_DEVICE_FAMILY = "1,2";
			};
			name = Debug;
		};
		533CD16E2E24BCFB0092CA95 /* Release */ = {
			isa = XCBuildConfiguration;
			buildSettings = {
				ASSETCATALOG_COMPILER_APPICON_NAME = AppIcon;
				ASSETCATALOG_COMPILER_GLOBAL_ACCENT_COLOR_NAME = AccentColor;
				CODE_SIGN_STYLE = Automatic;
				CURRENT_PROJECT_VERSION = 1;
				DEVELOPMENT_TEAM = J9A52ZJ95V;
				GENERATE_INFOPLIST_FILE = YES;
				INFOPLIST_FILE = bmicalculator2/Info.plist;
				INFOPLIST_KEY_UIApplicationSupportsIndirectInputEvents = YES;
				INFOPLIST_KEY_UILaunchStoryboardName = LaunchScreen;
				INFOPLIST_KEY_UIMainStoryboardFile = Main;
				INFOPLIST_KEY_UISupportedInterfaceOrientations_iPad = "UIInterfaceOrientationPortrait UIInterfaceOrientationPortraitUpsideDown UIInterfaceOrientationLandscapeLeft UIInterfaceOrientationLandscapeRight";
				INFOPLIST_KEY_UISupportedInterfaceOrientations_iPhone = "UIInterfaceOrientationPortrait UIInterfaceOrientationLandscapeLeft UIInterfaceOrientationLandscapeRight";
				LD_RUNPATH_SEARCH_PATHS = (
					"$(inherited)",
					"@executable_path/Frameworks",
				);
				MARKETING_VERSION = 1.0;
				PRODUCT_BUNDLE_IDENTIFIER = com.aa.bmicalculator2;
				PRODUCT_NAME = "$(TARGET_NAME)";
				SWIFT_EMIT_LOC_STRINGS = YES;
				SWIFT_VERSION = 5.0;
				TARGETED_DEVICE_FAMILY = "1,2";
			};
			name = Release;
		};
		533CD16F2E24BCFB0092CA95 /* Debug */ = {
			isa = XCBuildConfiguration;
			buildSettings = {
				ALWAYS_SEARCH_USER_PATHS = NO;
				ASSETCATALOG_COMPILER_GENERATE_SWIFT_ASSET_SYMBOL_EXTENSIONS = YES;
				CLANG_ANALYZER_NONNULL = YES;
				CLANG_ANALYZER_NUMBER_OBJECT_CONVERSION = YES_AGGRESSIVE;
				CLANG_CXX_LANGUAGE_STANDARD = "gnu++20";
				CLANG_ENABLE_MODULES = YES;
				CLANG_ENABLE_OBJC_ARC = YES;
				CLANG_ENABLE_OBJC_WEAK = YES;
				CLANG_WARN_BLOCK_CAPTURE_AUTORELEASING = YES;
				CLANG_WARN_BOOL_CONVERSION = YES;
				CLANG_WARN_COMMA = YES;
				CLANG_WARN_CONSTANT_CONVERSION = YES;
				CLANG_WARN_DEPRECATED_OBJC_IMPLEMENTATIONS = YES;
				CLANG_WARN_DIRECT_OBJC_ISA_USAGE = YES_ERROR;
				CLANG_WARN_DOCUMENTATION_COMMENTS = YES;
				CLANG_WARN_EMPTY_BODY = YES;
				CLANG_WARN_ENUM_CONVERSION = YES;
				CLANG_WARN_INFINITE_RECURSION = YES;
				CLANG_WARN_INT_CONVERSION = YES;
				CLANG_WARN_NON_LITERAL_NULL_CONVERSION = YES;
				CLANG_WARN_OBJC_IMPLICIT_RETAIN_SELF = YES;
				CLANG_WARN_OBJC_LITERAL_CONVERSION = YES;
				CLANG_WARN_OBJC_ROOT_CLASS = YES_ERROR;
				CLANG_WARN_QUOTED_INCLUDE_IN_FRAMEWORK_HEADER = YES;
				CLANG_WARN_RANGE_LOOP_ANALYSIS = YES;
				CLANG_WARN_STRICT_PROTOTYPES = YES;
				CLANG_WARN_SUSPICIOUS_MOVE = YES;
				CLANG_WARN_UNGUARDED_AVAILABILITY = YES_AGGRESSIVE;
				CLANG_WARN_UNREACHABLE_CODE = YES;
				CLANG_WARN__DUPLICATE_METHOD_MATCH = YES;
				COPY_PHASE_STRIP = NO;
				DEBUG_INFORMATION_FORMAT = dwarf;
				DEVELOPMENT_TEAM = J9A52ZJ95V;
				ENABLE_STRICT_OBJC_MSGSEND = YES;
				ENABLE_TESTABILITY = YES;
				ENABLE_USER_SCRIPT_SANDBOXING = YES;
				GCC_C_LANGUAGE_STANDARD = gnu17;
				GCC_DYNAMIC_NO_PIC = NO;
				GCC_NO_COMMON_BLOCKS = YES;
				GCC_OPTIMIZATION_LEVEL = 0;
				GCC_PREPROCESSOR_DEFINITIONS = (
					"DEBUG=1",
					"$(inherited)",
				);
				GCC_WARN_64_TO_32_BIT_CONVERSION = YES;
				GCC_WARN_ABOUT_RETURN_TYPE = YES_ERROR;
				GCC_WARN_UNDECLARED_SELECTOR = YES;
				GCC_WARN_UNINITIALIZED_AUTOS = YES_AGGRESSIVE;
				GCC_WARN_UNUSED_FUNCTION = YES;
				GCC_WARN_UNUSED_VARIABLE = YES;
				IPHONEOS_DEPLOYMENT_TARGET = 18.5;
				LOCALIZATION_PREFERS_STRING_CATALOGS = YES;
				MTL_ENABLE_DEBUG_INFO = INCLUDE_SOURCE;
				MTL_FAST_MATH = YES;
				ONLY_ACTIVE_ARCH = YES;
				SDKROOT = iphoneos;
				SWIFT_ACTIVE_COMPILATION_CONDITIONS = "DEBUG $(inherited)";
				SWIFT_OPTIMIZATION_LEVEL = "-Onone";
			};
			name = Debug;
		};
		533CD1702E24BCFB0092CA95 /* Release */ = {
			isa = XCBuildConfiguration;
			buildSettings = {
				ALWAYS_SEARCH_USER_PATHS = NO;
				ASSETCATALOG_COMPILER_GENERATE_SWIFT_ASSET_SYMBOL_EXTENSIONS = YES;
				CLANG_ANALYZER_NONNULL = YES;
				CLANG_ANALYZER_NUMBER_OBJECT_CONVERSION = YES_AGGRESSIVE;
				CLANG_CXX_LANGUAGE_STANDARD = "gnu++20";
				CLANG_ENABLE_MODULES = YES;
				CLANG_ENABLE_OBJC_ARC = YES;
				CLANG_ENABLE_OBJC_WEAK = YES;
				CLANG_WARN_BLOCK_CAPTURE_AUTORELEASING = YES;
				CLANG_WARN_BOOL_CONVERSION = YES;
				CLANG_WARN_COMMA = YES;
				CLANG_WARN_CONSTANT_CONVERSION = YES;
				CLANG_WARN_DEPRECATED_OBJC_IMPLEMENTATIONS = YES;
				CLANG_WARN_DIRECT_OBJC_ISA_USAGE = YES_ERROR;
				CLANG_WARN_DOCUMENTATION_COMMENTS = YES;
				CLANG_WARN_EMPTY_BODY = YES;
				CLANG_WARN_ENUM_CONVERSION = YES;
				CLANG_WARN_INFINITE_RECURSION = YES;
				CLANG_WARN_INT_CONVERSION = YES;
				CLANG_WARN_NON_LITERAL_NULL_CONVERSION = YES;
				CLANG_WARN_OBJC_IMPLICIT_RETAIN_SELF = YES;
				CLANG_WARN_OBJC_LITERAL_CONVERSION = YES;
				CLANG_WARN_OBJC_ROOT_CLASS = YES_ERROR;
				CLANG_WARN_QUOTED_INCLUDE_IN_FRAMEWORK_HEADER = YES;
				CLANG_WARN_RANGE_LOOP_ANALYSIS = YES;
				CLANG_WARN_STRICT_PROTOTYPES = YES;
				CLANG_WARN_SUSPICIOUS_MOVE = YES;
				CLANG_WARN_UNGUARDED_AVAILABILITY = YES_AGGRESSIVE;
				CLANG_WARN_UNREACHABLE_CODE = YES;
				CLANG_WARN__DUPLICATE_METHOD_MATCH = YES;
				COPY_PHASE_STRIP = NO;
				DEBUG_INFORMATION_FORMAT = "dwarf-with-dsym";
				DEVELOPMENT_TEAM = J9A52ZJ95V;
				ENABLE_NS_ASSERTIONS = NO;
				ENABLE_STRICT_OBJC_MSGSEND = YES;
				ENABLE_USER_SCRIPT_SANDBOXING = YES;
				GCC_C_LANGUAGE_STANDARD = gnu17;
				GCC_NO_COMMON_BLOCKS = YES;
				GCC_WARN_64_TO_32_BIT_CONVERSION = YES;
				GCC_WARN_ABOUT_RETURN_TYPE = YES_ERROR;
				GCC_WARN_UNDECLARED_SELECTOR = YES;
				GCC_WARN_UNINITIALIZED_AUTOS = YES_AGGRESSIVE;
				GCC_WARN_UNUSED_FUNCTION = YES;
				GCC_WARN_UNUSED_VARIABLE = YES;
				IPHONEOS_DEPLOYMENT_TARGET = 18.5;
				LOCALIZATION_PREFERS_STRING_CATALOGS = YES;
				MTL_ENABLE_DEBUG_INFO = NO;
				MTL_FAST_MATH = YES;
				SDKROOT = iphoneos;
				SWIFT_COMPILATION_MODE = wholemodule;
				VALIDATE_PRODUCT = YES;
			};
			name = Release;
		};
		533CD1722E24BCFB0092CA95 /* Debug */ = {
			isa = XCBuildConfiguration;
			buildSettings = {
				BUNDLE_LOADER = "$(TEST_HOST)";
				CODE_SIGN_STYLE = Automatic;
				CURRENT_PROJECT_VERSION = 1;
				DEVELOPMENT_TEAM = J9A52ZJ95V;
				GENERATE_INFOPLIST_FILE = YES;
				IPHONEOS_DEPLOYMENT_TARGET = 18.5;
				MARKETING_VERSION = 1.0;
				PRODUCT_BUNDLE_IDENTIFIER = com.aa.bmicalculator2Tests;
				PRODUCT_NAME = "$(TARGET_NAME)";
				SWIFT_EMIT_LOC_STRINGS = NO;
				SWIFT_VERSION = 5.0;
				TARGETED_DEVICE_FAMILY = "1,2";
				TEST_HOST = "$(BUILT_PRODUCTS_DIR)/bmicalculator2.app/$(BUNDLE_EXECUTABLE_FOLDER_PATH)/bmicalculator2";
			};
			name = Debug;
		};
		533CD1732E24BCFB0092CA95 /* Release */ = {
			isa = XCBuildConfiguration;
			buildSettings = {
				BUNDLE_LOADER = "$(TEST_HOST)";
				CODE_SIGN_STYLE = Automatic;
				CURRENT_PROJECT_VERSION = 1;
				DEVELOPMENT_TEAM = J9A52ZJ95V;
				GENERATE_INFOPLIST_FILE = YES;
				IPHONEOS_DEPLOYMENT_TARGET = 18.5;
				MARKETING_VERSION = 1.0;
				PRODUCT_BUNDLE_IDENTIFIER = com.aa.bmicalculator2Tests;
				PRODUCT_NAME = "$(TARGET_NAME)";
				SWIFT_EMIT_LOC_STRINGS = NO;
				SWIFT_VERSION = 5.0;
				TARGETED_DEVICE_FAMILY = "1,2";
				TEST_HOST = "$(BUILT_PRODUCTS_DIR)/bmicalculator2.app/$(BUNDLE_EXECUTABLE_FOLDER_PATH)/bmicalculator2";
			};
			name = Release;
		};
		533CD1752E24BCFB0092CA95 /* Debug */ = {
			isa = XCBuildConfiguration;
			buildSettings = {
				CODE_SIGN_STYLE = Automatic;
				CURRENT_PROJECT_VERSION = 1;
				DEVELOPMENT_TEAM = J9A52ZJ95V;
				GENERATE_INFOPLIST_FILE = YES;
				MARKETING_VERSION = 1.0;
				PRODUCT_BUNDLE_IDENTIFIER = com.aa.bmicalculator2UITests;
				PRODUCT_NAME = "$(TARGET_NAME)";
				SWIFT_EMIT_LOC_STRINGS = NO;
				SWIFT_VERSION = 5.0;
				TARGETED_DEVICE_FAMILY = "1,2";
				TEST_TARGET_NAME = bmicalculator2;
			};
			name = Debug;
		};
		533CD1762E24BCFB0092CA95 /* Release */ = {
			isa = XCBuildConfiguration;
			buildSettings = {
				CODE_SIGN_STYLE = Automatic;
				CURRENT_PROJECT_VERSION = 1;
				DEVELOPMENT_TEAM = J9A52ZJ95V;
				GENERATE_INFOPLIST_FILE = YES;
				MARKETING_VERSION = 1.0;
				PRODUCT_BUNDLE_IDENTIFIER = com.aa.bmicalculator2UITests;
				PRODUCT_NAME = "$(TARGET_NAME)";
				SWIFT_EMIT_LOC_STRINGS = NO;
				SWIFT_VERSION = 5.0;
				TARGETED_DEVICE_FAMILY = "1,2";
				TEST_TARGET_NAME = bmicalculator2;
			};
			name = Release;
		};
/* End XCBuildConfiguration section */

/* Begin XCConfigurationList section */
		533CD13E2E24BCF70092CA95 /* Build configuration list for PBXProject "bmicalculator2" */ = {
			isa = XCConfigurationList;
			buildConfigurations = (
				533CD16F2E24BCFB0092CA95 /* Debug */,
				533CD1702E24BCFB0092CA95 /* Release */,
			);
			defaultConfigurationIsVisible = 0;
			defaultConfigurationName = Release;
		};
		533CD16C2E24BCFB0092CA95 /* Build configuration list for PBXNativeTarget "bmicalculator2" */ = {
			isa = XCConfigurationList;
			buildConfigurations = (
				533CD16D2E24BCFB0092CA95 /* Debug */,
				533CD16E2E24BCFB0092CA95 /* Release */,
			);
			defaultConfigurationIsVisible = 0;
			defaultConfigurationName = Release;
		};
		533CD1712E24BCFB0092CA95 /* Build configuration list for PBXNativeTarget "bmicalculator2Tests" */ = {
			isa = XCConfigurationList;
			buildConfigurations = (
				533CD1722E24BCFB0092CA95 /* Debug */,
				533CD1732E24BCFB0092CA95 /* Release */,
			);
			defaultConfigurationIsVisible = 0;
			defaultConfigurationName = Release;
		};
		533CD1742E24BCFB0092CA95 /* Build configuration list for PBXNativeTarget "bmicalculator2UITests" */ = {
			isa = XCConfigurationList;
			buildConfigurations = (
				533CD1752E24BCFB0092CA95 /* Debug */,
				533CD1762E24BCFB0092CA95 /* Release */,
			);
			defaultConfigurationIsVisible = 0;
			defaultConfigurationName = Release;
		};
/* End XCConfigurationList section */
	};
	rootObject = 533CD13B2E24BCF70092CA95 /* Project object */;
}
